
Microsoft Visual Studio Solution File, Format Version 12.00
# Visual Studio Version 17
VisualStudioVersion = 17.10.35013.160
MinimumVisualStudioVersion = 10.0.40219.1
Project("{FAE04EC0-301F-11D3-BF4B-00C04F79EFBC}") = "Clock_time", "Clock_time.csproj", "{05BC41A9-C3A8-4D44-B15C-CB36EE060E47}"
EndProject
Project("{FAE04EC0-301F-11D3-BF4B-00C04F79EFBC}") = "ClassesExam", "..\ClassesExam\ClassesExam.csproj", "{99861E48-0803-40B9-8CE4-DCBA553FD4CE}"
EndProject
Project("{FAE04EC0-301F-11D3-BF4B-00C04F79EFBC}") = "WindowsFormsApp1", "..\WindowsFormsApp1\WindowsFormsApp1.csproj", "{23B9A4A1-F54D-48D5-B9DE-39DADCC01A27}"
EndProject
Project("{FAE04EC0-301F-11D3-BF4B-00C04F79EFBC}") = "Shabbat_host", "..\Shabbat\Shabbat_host.csproj", "{9600C4B1-E6B4-406A-A870-8E92D220CA1A}"
EndProject
Project("{FAE04EC0-301F-11D3-BF4B-00C04F79EFBC}") = "Shabbat_guest", "..\Shabbat_guest\Shabbat_guest.csproj", "{DC513FC6-FB3F-4AF1-88F7-8BFE255B00B0}"
EndProject
Project("{FAE04EC0-301F-11D3-BF4B-00C04F79EFBC}") = "LearningConsol", "..\LearningConsol\LearningConsol.csproj", "{0115B831-365F-4680-BC66-409AAACB590C}"
EndProject
Global
	GlobalSection(SolutionConfigurationPlatforms) = preSolution
		Debug|Any CPU = Debug|Any CPU
		Release|Any CPU = Release|Any CPU
	EndGlobalSection
	GlobalSection(ProjectConfigurationPlatforms) = postSolution
		{05BC41A9-C3A8-4D44-B15C-CB36EE060E47}.Debug|Any CPU.ActiveCfg = Debug|Any CPU
		{05BC41A9-C3A8-4D44-B15C-CB36EE060E47}.Debug|Any CPU.Build.0 = Debug|Any CPU
		{05BC41A9-C3A8-4D44-B15C-CB36EE060E47}.Release|Any CPU.ActiveCfg = Release|Any CPU
		{05BC41A9-C3A8-4D44-B15C-CB36EE060E47}.Release|Any CPU.Build.0 = Release|Any CPU
		{99861E48-0803-40B9-8CE4-DCBA553FD4CE}.Debug|Any CPU.ActiveCfg = Debug|Any CPU
		{99861E48-0803-40B9-8CE4-DCBA553FD4CE}.Debug|Any CPU.Build.0 = Debug|Any CPU
		{99861E48-0803-40B9-8CE4-DCBA553FD4CE}.Release|Any CPU.ActiveCfg = Release|Any CPU
		{99861E48-0803-40B9-8CE4-DCBA553FD4CE}.Release|Any CPU.Build.0 = Release|Any CPU
		{23B9A4A1-F54D-48D5-B9DE-39DADCC01A27}.Debug|Any CPU.ActiveCfg = Debug|Any CPU
		{23B9A4A1-F54D-48D5-B9DE-39DADCC01A27}.Debug|Any CPU.Build.0 = Debug|Any CPU
		{23B9A4A1-F54D-48D5-B9DE-39DADCC01A27}.Release|Any CPU.ActiveCfg = Release|Any CPU
		{23B9A4A1-F54D-48D5-B9DE-39DADCC01A27}.Release|Any CPU.Build.0 = Release|Any CPU
		{9600C4B1-E6B4-406A-A870-8E92D220CA1A}.Debug|Any CPU.ActiveCfg = Debug|Any CPU
		{9600C4B1-E6B4-406A-A870-8E92D220CA1A}.Debug|Any CPU.Build.0 = Debug|Any CPU
		{9600C4B1-E6B4-406A-A870-8E92D220CA1A}.Release|Any CPU.ActiveCfg = Release|Any CPU
		{9600C4B1-E6B4-406A-A870-8E92D220CA1A}.Release|Any CPU.Build.0 = Release|Any CPU
		{DC513FC6-FB3F-4AF1-88F7-8BFE255B00B0}.Debug|Any CPU.ActiveCfg = Debug|Any CPU
		{DC513FC6-FB3F-4AF1-88F7-8BFE255B00B0}.Debug|Any CPU.Build.0 = Debug|Any CPU
		{DC513FC6-FB3F-4AF1-88F7-8BFE255B00B0}.Release|Any CPU.ActiveCfg = Release|Any CPU
		{DC513FC6-FB3F-4AF1-88F7-8BFE255B00B0}.Release|Any CPU.Build.0 = Release|Any CPU
		{0115B831-365F-4680-BC66-409AAACB590C}.Debug|Any CPU.ActiveCfg = Debug|Any CPU
		{0115B831-365F-4680-BC66-409AAACB590C}.Debug|Any CPU.Build.0 = Debug|Any CPU
		{0115B831-365F-4680-BC66-409AAACB590C}.Release|Any CPU.ActiveCfg = Release|Any CPU
		{0115B831-365F-4680-BC66-409AAACB590C}.Release|Any CPU.Build.0 = Release|Any CPU
	EndGlobalSection
	GlobalSection(SolutionProperties) = preSolution
		HideSolutionNode = FALSE
	EndGlobalSection
	GlobalSection(ExtensibilityGlobals) = postSolution
		SolutionGuid = {BF74D6BD-9BD5-4D04-BF8A-C5C92571D47F}
	EndGlobalSection
EndGlobal
